
Microsoft Visual Studio Solution File, Format Version 12.00
# Visual Studio Version 17
VisualStudioVersion = 17.7.34031.279
MinimumVisualStudioVersion = 10.0.40219.1
Project("{9A19103F-16F7-4668-BE54-9A1E7A4F7556}") = "FirstAssignmentNoMain", "FirstAssignmentNoMain\FirstAssignmentNoMain.csproj", "{34297E66-76F1-4219-BA91-06917F6E3682}"
EndProject
Project("{FAE04EC0-301F-11D3-BF4B-00C04F79EFBC}") = "TestProject", "TestProject\TestProject.csproj", "{A7E1C9FB-6DED-464A-BB9F-5EB07CB19F33}"
EndProject
Global
	GlobalSection(SolutionConfigurationPlatforms) = preSolution
		Debug|Any CPU = Debug|Any CPU
		Release|Any CPU = Release|Any CPU
	EndGlobalSection
	GlobalSection(ProjectConfigurationPlatforms) = postSolution
		{34297E66-76F1-4219-BA91-06917F6E3682}.Debug|Any CPU.ActiveCfg = Debug|Any CPU
		{34297E66-76F1-4219-BA91-06917F6E3682}.Debug|Any CPU.Build.0 = Debug|Any CPU
		{34297E66-76F1-4219-BA91-06917F6E3682}.Release|Any CPU.ActiveCfg = Release|Any CPU
		{34297E66-76F1-4219-BA91-06917F6E3682}.Release|Any CPU.Build.0 = Release|Any CPU
		{A7E1C9FB-6DED-464A-BB9F-5EB07CB19F33}.Debug|Any CPU.ActiveCfg = Debug|Any CPU
		{A7E1C9FB-6DED-464A-BB9F-5EB07CB19F33}.Debug|Any CPU.Build.0 = Debug|Any CPU
		{A7E1C9FB-6DED-464A-BB9F-5EB07CB19F33}.Release|Any CPU.ActiveCfg = Release|Any CPU
		{A7E1C9FB-6DED-464A-BB9F-5EB07CB19F33}.Release|Any CPU.Build.0 = Release|Any CPU
	EndGlobalSection
	GlobalSection(SolutionProperties) = preSolution
		HideSolutionNode = FALSE
	EndGlobalSection
	GlobalSection(ExtensibilityGlobals) = postSolution
		SolutionGuid = {E3401215-B142-451C-BDA6-9EEB2D9F7354}
	EndGlobalSection
EndGlobal
